
Microsoft Visual Studio Solution File, Format Version 12.00
# Visual Studio Version 17
VisualStudioVersion = 17.7.34031.279
MinimumVisualStudioVersion = 10.0.40219.1
Project("{9A19103F-16F7-4668-BE54-9A1E7A4F7556}") = "ShadowsCompat", "ShadowsCompat\ShadowsCompat.csproj", "{6DBF8961-C861-4F37-94BC-C8DB47EAB609}"
EndProject
Project("{2150E333-8FDC-42A3-9474-1A3956D46DE8}") = "Misc", "Misc", "{00C85B3E-98BA-4AE2-933C-468A715E9243}"
	ProjectSection(SolutionItems) = preProject
		..\README.md = ..\README.md
	EndProjectSection
EndProject
Project("{FAE04EC0-301F-11D3-BF4B-00C04F79EFBC}") = "ShadowDemo", "..\Sample\ShadowDemo\ShadowDemo.csproj", "{304DF76F-0DE2-4BCD-BCA8-FB7FF8CEC298}"
EndProject
Global
	GlobalSection(SolutionConfigurationPlatforms) = preSolution
		Debug|Any CPU = Debug|Any CPU
		Debug|ARM = Debug|ARM
		Debug|ARM64 = Debug|ARM64
		Debug|x64 = Debug|x64
		Debug|x86 = Debug|x86
		Release|Any CPU = Release|Any CPU
		Release|ARM = Release|ARM
		Release|ARM64 = Release|ARM64
		Release|x64 = Release|x64
		Release|x86 = Release|x86
	EndGlobalSection
	GlobalSection(ProjectConfigurationPlatforms) = postSolution
		{6DBF8961-C861-4F37-94BC-C8DB47EAB609}.Debug|Any CPU.ActiveCfg = Debug|Any CPU
		{6DBF8961-C861-4F37-94BC-C8DB47EAB609}.Debug|Any CPU.Build.0 = Debug|Any CPU
		{6DBF8961-C861-4F37-94BC-C8DB47EAB609}.Debug|ARM.ActiveCfg = Debug|Any CPU
		{6DBF8961-C861-4F37-94BC-C8DB47EAB609}.Debug|ARM.Build.0 = Debug|Any CPU
		{6DBF8961-C861-4F37-94BC-C8DB47EAB609}.Debug|ARM64.ActiveCfg = Debug|Any CPU
		{6DBF8961-C861-4F37-94BC-C8DB47EAB609}.Debug|ARM64.Build.0 = Debug|Any CPU
		{6DBF8961-C861-4F37-94BC-C8DB47EAB609}.Debug|x64.ActiveCfg = Debug|Any CPU
		{6DBF8961-C861-4F37-94BC-C8DB47EAB609}.Debug|x64.Build.0 = Debug|Any CPU
		{6DBF8961-C861-4F37-94BC-C8DB47EAB609}.Debug|x86.ActiveCfg = Debug|Any CPU
		{6DBF8961-C861-4F37-94BC-C8DB47EAB609}.Debug|x86.Build.0 = Debug|Any CPU
		{6DBF8961-C861-4F37-94BC-C8DB47EAB609}.Release|Any CPU.ActiveCfg = Release|Any CPU
		{6DBF8961-C861-4F37-94BC-C8DB47EAB609}.Release|Any CPU.Build.0 = Release|Any CPU
		{6DBF8961-C861-4F37-94BC-C8DB47EAB609}.Release|ARM.ActiveCfg = Release|Any CPU
		{6DBF8961-C861-4F37-94BC-C8DB47EAB609}.Release|ARM.Build.0 = Release|Any CPU
		{6DBF8961-C861-4F37-94BC-C8DB47EAB609}.Release|ARM64.ActiveCfg = Release|Any CPU
		{6DBF8961-C861-4F37-94BC-C8DB47EAB609}.Release|ARM64.Build.0 = Release|Any CPU
		{6DBF8961-C861-4F37-94BC-C8DB47EAB609}.Release|x64.ActiveCfg = Release|Any CPU
		{6DBF8961-C861-4F37-94BC-C8DB47EAB609}.Release|x64.Build.0 = Release|Any CPU
		{6DBF8961-C861-4F37-94BC-C8DB47EAB609}.Release|x86.ActiveCfg = Release|Any CPU
		{6DBF8961-C861-4F37-94BC-C8DB47EAB609}.Release|x86.Build.0 = Release|Any CPU
		{304DF76F-0DE2-4BCD-BCA8-FB7FF8CEC298}.Debug|Any CPU.ActiveCfg = Debug|Any CPU
		{304DF76F-0DE2-4BCD-BCA8-FB7FF8CEC298}.Debug|Any CPU.Build.0 = Debug|Any CPU
		{304DF76F-0DE2-4BCD-BCA8-FB7FF8CEC298}.Debug|ARM.ActiveCfg = Debug|Any CPU
		{304DF76F-0DE2-4BCD-BCA8-FB7FF8CEC298}.Debug|ARM.Build.0 = Debug|Any CPU
		{304DF76F-0DE2-4BCD-BCA8-FB7FF8CEC298}.Debug|ARM64.ActiveCfg = Debug|Any CPU
		{304DF76F-0DE2-4BCD-BCA8-FB7FF8CEC298}.Debug|ARM64.Build.0 = Debug|Any CPU
		{304DF76F-0DE2-4BCD-BCA8-FB7FF8CEC298}.Debug|x64.ActiveCfg = Debug|Any CPU
		{304DF76F-0DE2-4BCD-BCA8-FB7FF8CEC298}.Debug|x64.Build.0 = Debug|Any CPU
		{304DF76F-0DE2-4BCD-BCA8-FB7FF8CEC298}.Debug|x86.ActiveCfg = Debug|Any CPU
		{304DF76F-0DE2-4BCD-BCA8-FB7FF8CEC298}.Debug|x86.Build.0 = Debug|Any CPU
		{304DF76F-0DE2-4BCD-BCA8-FB7FF8CEC298}.Release|Any CPU.ActiveCfg = Release|Any CPU
		{304DF76F-0DE2-4BCD-BCA8-FB7FF8CEC298}.Release|Any CPU.Build.0 = Release|Any CPU
		{304DF76F-0DE2-4BCD-BCA8-FB7FF8CEC298}.Release|ARM.ActiveCfg = Release|Any CPU
		{304DF76F-0DE2-4BCD-BCA8-FB7FF8CEC298}.Release|ARM.Build.0 = Release|Any CPU
		{304DF76F-0DE2-4BCD-BCA8-FB7FF8CEC298}.Release|ARM64.ActiveCfg = Release|Any CPU
		{304DF76F-0DE2-4BCD-BCA8-FB7FF8CEC298}.Release|ARM64.Build.0 = Release|Any CPU
		{304DF76F-0DE2-4BCD-BCA8-FB7FF8CEC298}.Release|x64.ActiveCfg = Release|Any CPU
		{304DF76F-0DE2-4BCD-BCA8-FB7FF8CEC298}.Release|x64.Build.0 = Release|Any CPU
		{304DF76F-0DE2-4BCD-BCA8-FB7FF8CEC298}.Release|x86.ActiveCfg = Release|Any CPU
		{304DF76F-0DE2-4BCD-BCA8-FB7FF8CEC298}.Release|x86.Build.0 = Release|Any CPU
	EndGlobalSection
	GlobalSection(SolutionProperties) = preSolution
		HideSolutionNode = FALSE
	EndGlobalSection
	GlobalSection(NestedProjects) = preSolution
	EndGlobalSection
	GlobalSection(ExtensibilityGlobals) = postSolution
		SolutionGuid = {F76BF30C-652E-4F42-B41F-36110EE2A55C}
	EndGlobalSection
EndGlobal
